
Microsoft Visual Studio Solution File, Format Version 12.00
# Visual Studio 15
Project("{FAE04EC0-301F-11D3-BF4B-00C04F79EFBC}") = "Assembly-CSharp", "Assembly-CSharp.csproj", "{356B7E56-333D-D485-794F-54A176A330E4}"
EndProject
Project("{FAE04EC0-301F-11D3-BF4B-00C04F79EFBC}") = "SuperTiled2Unity", "SuperTiled2Unity.csproj", "{8A41C51E-393C-3AA1-20DB-35012BF728AC}"
EndProject
Project("{FAE04EC0-301F-11D3-BF4B-00C04F79EFBC}") = "SuperTiled2UnityEditor", "SuperTiled2UnityEditor.csproj", "{B6BC6191-DAC2-7DCC-24A1-46D9FC4F7034}"
EndProject
Global
	GlobalSection(SolutionConfigurationPlatforms) = preSolution
		Debug|Any CPU = Debug|Any CPU
		Release|Any CPU = Release|Any CPU
	EndGlobalSection
	GlobalSection(ProjectConfigurationPlatforms) = postSolution
		{356B7E56-333D-D485-794F-54A176A330E4}.Debug|Any CPU.ActiveCfg = Debug|Any CPU
		{356B7E56-333D-D485-794F-54A176A330E4}.Debug|Any CPU.Build.0 = Debug|Any CPU
		{356B7E56-333D-D485-794F-54A176A330E4}.Release|Any CPU.ActiveCfg = Release|Any CPU
		{356B7E56-333D-D485-794F-54A176A330E4}.Release|Any CPU.Build.0 = Release|Any CPU
		{8A41C51E-393C-3AA1-20DB-35012BF728AC}.Debug|Any CPU.ActiveCfg = Debug|Any CPU
		{8A41C51E-393C-3AA1-20DB-35012BF728AC}.Debug|Any CPU.Build.0 = Debug|Any CPU
		{8A41C51E-393C-3AA1-20DB-35012BF728AC}.Release|Any CPU.ActiveCfg = Release|Any CPU
		{8A41C51E-393C-3AA1-20DB-35012BF728AC}.Release|Any CPU.Build.0 = Release|Any CPU
		{B6BC6191-DAC2-7DCC-24A1-46D9FC4F7034}.Debug|Any CPU.ActiveCfg = Debug|Any CPU
		{B6BC6191-DAC2-7DCC-24A1-46D9FC4F7034}.Debug|Any CPU.Build.0 = Debug|Any CPU
		{B6BC6191-DAC2-7DCC-24A1-46D9FC4F7034}.Release|Any CPU.ActiveCfg = Release|Any CPU
		{B6BC6191-DAC2-7DCC-24A1-46D9FC4F7034}.Release|Any CPU.Build.0 = Release|Any CPU
	EndGlobalSection
	GlobalSection(SolutionProperties) = preSolution
		HideSolutionNode = FALSE
	EndGlobalSection
EndGlobal
